
Microsoft Visual Studio Solution File, Format Version 12.00
# Visual Studio Version 16
VisualStudioVersion = 16.0.33529.622
MinimumVisualStudioVersion = 10.0.40219.1
Project("{FAE04EC0-301F-11D3-BF4B-00C04F79EFBC}") = "ShootingGalleryAPI", "ShootingGalleryAPI\ShootingGalleryAPI.csproj", "{69058C3F-5865-4518-A1BF-EBBB89B2A978}"
EndProject
Global
	GlobalSection(SolutionConfigurationPlatforms) = preSolution
		Debug|Any CPU = Debug|Any CPU
		Release|Any CPU = Release|Any CPU
	EndGlobalSection
	GlobalSection(ProjectConfigurationPlatforms) = postSolution
		{69058C3F-5865-4518-A1BF-EBBB89B2A978}.Debug|Any CPU.ActiveCfg = Debug|Any CPU
		{69058C3F-5865-4518-A1BF-EBBB89B2A978}.Debug|Any CPU.Build.0 = Debug|Any CPU
		{69058C3F-5865-4518-A1BF-EBBB89B2A978}.Release|Any CPU.ActiveCfg = Release|Any CPU
		{69058C3F-5865-4518-A1BF-EBBB89B2A978}.Release|Any CPU.Build.0 = Release|Any CPU
	EndGlobalSection
	GlobalSection(SolutionProperties) = preSolution
		HideSolutionNode = FALSE
	EndGlobalSection
	GlobalSection(ExtensibilityGlobals) = postSolution
		SolutionGuid = {5BF60A41-BAD5-4D07-9A56-4039D49DEBCA}
	EndGlobalSection
EndGlobal
